{
  "version": 4,
  "terraform_version": "1.3.7",
  "serial": 39,
  "lineage": "679c2ccf-d915-9386-bc68-d33a5af6b2a4",
  "outputs": {
    "external_ip_address_vm_1": {
      "value": "51.250.87.150",
      "type": "string"
    },
    "external_ip_address_vm_2": {
      "value": "158.160.33.114",
      "type": "string"
    },
    "internal_ip_address_vm_1": {
      "value": "192.168.10.5",
      "type": "string"
    },
    "internal_ip_address_vm_2": {
      "value": "192.168.10.26",
      "type": "string"
    }
  },
  "resources": [
    {
      "mode": "managed",
      "type": "yandex_lb_network_load_balancer",
      "name": "my_lb",
      "provider": "provider[\"registry.terraform.io/yandex-cloud/yandex\"]",
      "instances": [
        {
          "schema_version": 0,
          "attributes": {
            "attached_target_group": [
              {
                "healthcheck": [
                  {
                    "healthy_threshold": 2,
                    "http_options": [
                      {
                        "path": "/",
                        "port": 80
                      }
                    ],
                    "interval": 2,
                    "name": "http",
                    "tcp_options": [],
                    "timeout": 1,
                    "unhealthy_threshold": 2
                  }
                ],
                "target_group_id": "enpkp7945dbqid2em5lp"
              }
            ],
            "created_at": "2023-05-22T10:24:37Z",
            "description": "",
            "folder_id": "b1g773nv27nu15jgceue",
            "id": "enpn33pnt9tt8iea7u33",
            "labels": null,
            "listener": [
              {
                "external_address_spec": [
                  {
                    "address": "62.84.127.80",
                    "ip_version": "ipv4"
                  }
                ],
                "internal_address_spec": [],
                "name": "my-listener",
                "port": 80,
                "protocol": "tcp",
                "target_port": 80
              }
            ],
            "name": "my-network-load-balancer",
            "region_id": "ru-central1",
            "timeouts": null,
            "type": "external"
          },
          "sensitive_attributes": [],
          "private": "eyJlMmJmYjczMC1lY2FhLTExZTYtOGY4OC0zNDM2M2JjN2M0YzAiOnsiY3JlYXRlIjozMDAwMDAwMDAwMDAsImRlbGV0ZSI6MzAwMDAwMDAwMDAwLCJ1cGRhdGUiOjMwMDAwMDAwMDAwMH19",
          "dependencies": [
            "module.instance_1.data.yandex_compute_image.my_image",
            "module.instance_1.yandex_compute_instance.vm",
            "module.instance_2.data.yandex_compute_image.my_image",
            "module.instance_2.yandex_compute_instance.vm",
            "module.instance_3.data.yandex_compute_image.my_image",
            "module.instance_3.yandex_compute_instance.vm",
            "yandex_lb_target_group.my_tg",
            "yandex_vpc_network.network",
            "yandex_vpc_subnet.subnet1"
          ]
        }
      ]
    },
    {
      "mode": "managed",
      "type": "yandex_lb_target_group",
      "name": "my_tg",
      "provider": "provider[\"registry.terraform.io/yandex-cloud/yandex\"]",
      "instances": [
        {
          "schema_version": 0,
          "attributes": {
            "created_at": "2023-05-22T10:24:35Z",
            "description": "",
            "folder_id": "b1g773nv27nu15jgceue",
            "id": "enpkp7945dbqid2em5lp",
            "labels": null,
            "name": "test-group",
            "region_id": "ru-central1",
            "target": [
              {
                "address": "192.168.10.23",
                "subnet_id": "e9bnkubda0cpqq9076o0"
              },
              {
                "address": "192.168.10.26",
                "subnet_id": "e9bnkubda0cpqq9076o0"
              },
              {
                "address": "192.168.10.5",
                "subnet_id": "e9bnkubda0cpqq9076o0"
              }
            ],
            "timeouts": null
          },
          "sensitive_attributes": [],
          "private": "eyJlMmJmYjczMC1lY2FhLTExZTYtOGY4OC0zNDM2M2JjN2M0YzAiOnsiY3JlYXRlIjozMDAwMDAwMDAwMDAsImRlbGV0ZSI6MzAwMDAwMDAwMDAwLCJ1cGRhdGUiOjMwMDAwMDAwMDAwMH19",
          "dependencies": [
            "module.instance_1.data.yandex_compute_image.my_image",
            "module.instance_1.yandex_compute_instance.vm",
            "module.instance_2.data.yandex_compute_image.my_image",
            "module.instance_2.yandex_compute_instance.vm",
            "module.instance_3.data.yandex_compute_image.my_image",
            "module.instance_3.yandex_compute_instance.vm",
            "yandex_vpc_network.network",
            "yandex_vpc_subnet.subnet1"
          ]
        }
      ]
    },
    {
      "mode": "managed",
      "type": "yandex_vpc_network",
      "name": "network",
      "provider": "provider[\"registry.terraform.io/yandex-cloud/yandex\"]",
      "instances": [
        {
          "schema_version": 0,
          "attributes": {
            "created_at": "2023-05-22T10:23:52Z",
            "default_security_group_id": "",
            "description": "",
            "folder_id": "b1g773nv27nu15jgceue",
            "id": "enp2v0bobnvd6bmbusnk",
            "labels": null,
            "name": "network",
            "subnet_ids": [],
            "timeouts": null
          },
          "sensitive_attributes": [],
          "private": "eyJlMmJmYjczMC1lY2FhLTExZTYtOGY4OC0zNDM2M2JjN2M0YzAiOnsiY3JlYXRlIjo2MDAwMDAwMDAwMCwiZGVsZXRlIjo2MDAwMDAwMDAwMCwidXBkYXRlIjo2MDAwMDAwMDAwMH19"
        }
      ]
    },
    {
      "mode": "managed",
      "type": "yandex_vpc_subnet",
      "name": "subnet1",
      "provider": "provider[\"registry.terraform.io/yandex-cloud/yandex\"]",
      "instances": [
        {
          "schema_version": 0,
          "attributes": {
            "created_at": "2023-05-22T10:23:53Z",
            "description": "",
            "dhcp_options": [],
            "folder_id": "b1g773nv27nu15jgceue",
            "id": "e9bnkubda0cpqq9076o0",
            "labels": null,
            "name": "subnet1",
            "network_id": "enp2v0bobnvd6bmbusnk",
            "route_table_id": "",
            "timeouts": null,
            "v4_cidr_blocks": [
              "192.168.10.0/24"
            ],
            "v6_cidr_blocks": [],
            "zone": "ru-central1-a"
          },
          "sensitive_attributes": [],
          "private": "eyJlMmJmYjczMC1lY2FhLTExZTYtOGY4OC0zNDM2M2JjN2M0YzAiOnsiY3JlYXRlIjoxODAwMDAwMDAwMDAsImRlbGV0ZSI6MTgwMDAwMDAwMDAwLCJ1cGRhdGUiOjE4MDAwMDAwMDAwMH19",
          "dependencies": [
            "yandex_vpc_network.network"
          ]
        }
      ]
    },
    {
      "module": "module.instance_1",
      "mode": "data",
      "type": "yandex_compute_image",
      "name": "my_image",
      "provider": "provider[\"registry.terraform.io/yandex-cloud/yandex\"]",
      "instances": [
        {
          "schema_version": 0,
          "attributes": {
            "created_at": "2023-05-15T10:51:23Z",
            "description": "ubuntu 22.04 lts",
            "family": "ubuntu-2204-lts",
            "folder_id": "standard-images",
            "id": "fd8oj81nr2fsj5bn9dq4",
            "image_id": "fd8oj81nr2fsj5bn9dq4",
            "labels": {},
            "min_disk_size": 8,
            "name": "ubuntu-22-04-lts-v20230515",
            "os_type": "linux",
            "product_ids": [
              "f2ergggc7u5c9r8cl2ul"
            ],
            "size": 7,
            "status": "ready"
          },
          "sensitive_attributes": []
        }
      ]
    },
    {
      "module": "module.instance_1",
      "mode": "managed",
      "type": "yandex_compute_instance",
      "name": "vm",
      "provider": "provider[\"registry.terraform.io/yandex-cloud/yandex\"]",
      "instances": [
        {
          "schema_version": 1,
          "attributes": {
            "allow_stopping_for_update": null,
            "boot_disk": [
              {
                "auto_delete": true,
                "device_name": "fhm0v3eqavc8rn2n8o4m",
                "disk_id": "fhm0v3eqavc8rn2n8o4m",
                "initialize_params": [
                  {
                    "description": "",
                    "image_id": "fd8oj81nr2fsj5bn9dq4",
                    "name": "",
                    "size": 8,
                    "snapshot_id": "",
                    "type": "network-hdd"
                  }
                ],
                "mode": "READ_WRITE"
              }
            ],
            "created_at": "2023-05-22T10:23:55Z",
            "description": "",
            "folder_id": "b1g773nv27nu15jgceue",
            "fqdn": "fhmmfgkf653vobq6j9pe.auto.internal",
            "hostname": "fhmmfgkf653vobq6j9pe",
            "id": "fhmmfgkf653vobq6j9pe",
            "labels": null,
            "metadata": {
              "ssh-keys": "ubuntu:ssh-rsa AAAAB3NzaC1yc2EAAAADAQABAAACAQCfPwYwT4dDYgqsXJEplw916bTtc7yFc8OvRu5b5xtlizPhQPf53Z+GFg+1WaXtev0MmA9GXfeLfZ8fJla93m+nd1qSP9PBBuiOrUdth2Fmi4Qy0fK3vywZXbKOSxi5koQOdT2DyyfwRGHQaECyrHYNzlsKr0gwcUwlnm4wg0zUCBjzWlvU1SBEvtRyalMdgaiSBYIK37BbM93nhdt9jEEZm53mfy64tjjLRxkJYUuXKRA1tp6VjVDnj4bo6Z3ppFw7qTy/l8H+lntiHFOf5LjcYUOScsU7nZUfPTmi8PoT7vepHtfEUEHWEcCm2BMpgDP594LPSC1cvS7aHnQrn/7fiKQDOPLP5jG5SK/H9gLLYapV08lfyrliI4YnIV0Vw5JNxexU3VJY7IxBi9twr2VYT6et72r15/WJRWPJtQZztRCRGEhqKClByn55FhEsV6QuyJPWvXZY/TGfeaUgQQm20qr1rA7AdBIKNmJvBONEiT6A1hUaloSqHO1D8SXoQ58cZnZqMRJ6gYXF47mxsLpnv/jG7D/U5pqYW6Ac1yLiE0KUQBE+GzVCDA0ijQT5g2QdDGdgpiONDRj8stfajMcbjzi+aMJa+BBGP631J/BOdBi6P5nXnyiumZCw/FccynM/reWNHPDucC0eNhJZYmya/JrsPFasectPM6i5b1pW7Q== sergeishchukin@MacBook-Pro-Sergei.local\n"
            },
            "name": "k8s-master",
            "network_acceleration_type": "standard",
            "network_interface": [
              {
                "dns_record": [],
                "index": 0,
                "ip_address": "192.168.10.5",
                "ipv4": true,
                "ipv6": false,
                "ipv6_address": "",
                "ipv6_dns_record": [],
                "mac_address": "d0:0d:16:7c:28:f3",
                "nat": true,
                "nat_dns_record": [],
                "nat_ip_address": "51.250.87.150",
                "nat_ip_version": "IPV4",
                "security_group_ids": [],
                "subnet_id": "e9bnkubda0cpqq9076o0"
              }
            ],
            "placement_policy": [
              {
                "placement_group_id": ""
              }
            ],
            "platform_id": "standard-v1",
            "resources": [
              {
                "core_fraction": 100,
                "cores": 2,
                "gpus": 0,
                "memory": 4
              }
            ],
            "scheduling_policy": [
              {
                "preemptible": false
              }
            ],
            "secondary_disk": [],
            "service_account_id": "",
            "status": "running",
            "timeouts": null,
            "zone": "ru-central1-a"
          },
          "sensitive_attributes": [],
          "private": "eyJlMmJmYjczMC1lY2FhLTExZTYtOGY4OC0zNDM2M2JjN2M0YzAiOnsiY3JlYXRlIjozMDAwMDAwMDAwMDAsImRlbGV0ZSI6MzAwMDAwMDAwMDAwLCJ1cGRhdGUiOjMwMDAwMDAwMDAwMH0sInNjaGVtYV92ZXJzaW9uIjoiMSJ9",
          "dependencies": [
            "module.instance_1.data.yandex_compute_image.my_image",
            "yandex_vpc_network.network",
            "yandex_vpc_subnet.subnet1"
          ]
        }
      ]
    },
    {
      "module": "module.instance_2",
      "mode": "data",
      "type": "yandex_compute_image",
      "name": "my_image",
      "provider": "provider[\"registry.terraform.io/yandex-cloud/yandex\"]",
      "instances": [
        {
          "schema_version": 0,
          "attributes": {
            "created_at": "2023-05-15T10:51:23Z",
            "description": "ubuntu 22.04 lts",
            "family": "ubuntu-2204-lts",
            "folder_id": "standard-images",
            "id": "fd8oj81nr2fsj5bn9dq4",
            "image_id": "fd8oj81nr2fsj5bn9dq4",
            "labels": {},
            "min_disk_size": 8,
            "name": "ubuntu-22-04-lts-v20230515",
            "os_type": "linux",
            "product_ids": [
              "f2ergggc7u5c9r8cl2ul"
            ],
            "size": 7,
            "status": "ready"
          },
          "sensitive_attributes": []
        }
      ]
    },
    {
      "module": "module.instance_2",
      "mode": "managed",
      "type": "yandex_compute_instance",
      "name": "vm",
      "provider": "provider[\"registry.terraform.io/yandex-cloud/yandex\"]",
      "instances": [
        {
          "schema_version": 1,
          "attributes": {
            "allow_stopping_for_update": null,
            "boot_disk": [
              {
                "auto_delete": true,
                "device_name": "fhmahamjtouqkgfklt2q",
                "disk_id": "fhmahamjtouqkgfklt2q",
                "initialize_params": [
                  {
                    "description": "",
                    "image_id": "fd8oj81nr2fsj5bn9dq4",
                    "name": "",
                    "size": 8,
                    "snapshot_id": "",
                    "type": "network-hdd"
                  }
                ],
                "mode": "READ_WRITE"
              }
            ],
            "created_at": "2023-05-22T10:23:55Z",
            "description": "",
            "folder_id": "b1g773nv27nu15jgceue",
            "fqdn": "fhm1kd8ndn1ce0p198bn.auto.internal",
            "hostname": "fhm1kd8ndn1ce0p198bn",
            "id": "fhm1kd8ndn1ce0p198bn",
            "labels": null,
            "metadata": {
              "ssh-keys": "ubuntu:ssh-rsa AAAAB3NzaC1yc2EAAAADAQABAAACAQCfPwYwT4dDYgqsXJEplw916bTtc7yFc8OvRu5b5xtlizPhQPf53Z+GFg+1WaXtev0MmA9GXfeLfZ8fJla93m+nd1qSP9PBBuiOrUdth2Fmi4Qy0fK3vywZXbKOSxi5koQOdT2DyyfwRGHQaECyrHYNzlsKr0gwcUwlnm4wg0zUCBjzWlvU1SBEvtRyalMdgaiSBYIK37BbM93nhdt9jEEZm53mfy64tjjLRxkJYUuXKRA1tp6VjVDnj4bo6Z3ppFw7qTy/l8H+lntiHFOf5LjcYUOScsU7nZUfPTmi8PoT7vepHtfEUEHWEcCm2BMpgDP594LPSC1cvS7aHnQrn/7fiKQDOPLP5jG5SK/H9gLLYapV08lfyrliI4YnIV0Vw5JNxexU3VJY7IxBi9twr2VYT6et72r15/WJRWPJtQZztRCRGEhqKClByn55FhEsV6QuyJPWvXZY/TGfeaUgQQm20qr1rA7AdBIKNmJvBONEiT6A1hUaloSqHO1D8SXoQ58cZnZqMRJ6gYXF47mxsLpnv/jG7D/U5pqYW6Ac1yLiE0KUQBE+GzVCDA0ijQT5g2QdDGdgpiONDRj8stfajMcbjzi+aMJa+BBGP631J/BOdBi6P5nXnyiumZCw/FccynM/reWNHPDucC0eNhJZYmya/JrsPFasectPM6i5b1pW7Q== sergeishchukin@MacBook-Pro-Sergei.local\n"
            },
            "name": "k8s-app",
            "network_acceleration_type": "standard",
            "network_interface": [
              {
                "dns_record": [],
                "index": 0,
                "ip_address": "192.168.10.26",
                "ipv4": true,
                "ipv6": false,
                "ipv6_address": "",
                "ipv6_dns_record": [],
                "mac_address": "d0:0d:1a:35:17:6d",
                "nat": true,
                "nat_dns_record": [],
                "nat_ip_address": "158.160.33.114",
                "nat_ip_version": "IPV4",
                "security_group_ids": [],
                "subnet_id": "e9bnkubda0cpqq9076o0"
              }
            ],
            "placement_policy": [
              {
                "placement_group_id": ""
              }
            ],
            "platform_id": "standard-v1",
            "resources": [
              {
                "core_fraction": 100,
                "cores": 2,
                "gpus": 0,
                "memory": 4
              }
            ],
            "scheduling_policy": [
              {
                "preemptible": false
              }
            ],
            "secondary_disk": [],
            "service_account_id": "",
            "status": "running",
            "timeouts": null,
            "zone": "ru-central1-a"
          },
          "sensitive_attributes": [],
          "private": "eyJlMmJmYjczMC1lY2FhLTExZTYtOGY4OC0zNDM2M2JjN2M0YzAiOnsiY3JlYXRlIjozMDAwMDAwMDAwMDAsImRlbGV0ZSI6MzAwMDAwMDAwMDAwLCJ1cGRhdGUiOjMwMDAwMDAwMDAwMH0sInNjaGVtYV92ZXJzaW9uIjoiMSJ9",
          "dependencies": [
            "module.instance_2.data.yandex_compute_image.my_image",
            "yandex_vpc_network.network",
            "yandex_vpc_subnet.subnet1"
          ]
        }
      ]
    },
    {
      "module": "module.instance_3",
      "mode": "data",
      "type": "yandex_compute_image",
      "name": "my_image",
      "provider": "provider[\"registry.terraform.io/yandex-cloud/yandex\"]",
      "instances": [
        {
          "schema_version": 0,
          "attributes": {
            "created_at": "2023-05-15T10:51:23Z",
            "description": "ubuntu 22.04 lts",
            "family": "ubuntu-2204-lts",
            "folder_id": "standard-images",
            "id": "fd8oj81nr2fsj5bn9dq4",
            "image_id": "fd8oj81nr2fsj5bn9dq4",
            "labels": {},
            "min_disk_size": 8,
            "name": "ubuntu-22-04-lts-v20230515",
            "os_type": "linux",
            "product_ids": [
              "f2ergggc7u5c9r8cl2ul"
            ],
            "size": 7,
            "status": "ready"
          },
          "sensitive_attributes": []
        }
      ]
    },
    {
      "module": "module.instance_3",
      "mode": "managed",
      "type": "yandex_compute_instance",
      "name": "vm",
      "provider": "provider[\"registry.terraform.io/yandex-cloud/yandex\"]",
      "instances": [
        {
          "schema_version": 1,
          "attributes": {
            "allow_stopping_for_update": null,
            "boot_disk": [
              {
                "auto_delete": true,
                "device_name": "fhmi881armubdaapg63g",
                "disk_id": "fhmi881armubdaapg63g",
                "initialize_params": [
                  {
                    "description": "",
                    "image_id": "fd8oj81nr2fsj5bn9dq4",
                    "name": "",
                    "size": 8,
                    "snapshot_id": "",
                    "type": "network-hdd"
                  }
                ],
                "mode": "READ_WRITE"
              }
            ],
            "created_at": "2023-05-22T10:23:55Z",
            "description": "",
            "folder_id": "b1g773nv27nu15jgceue",
            "fqdn": "fhmln769oj3d1vqql6kk.auto.internal",
            "hostname": "fhmln769oj3d1vqql6kk",
            "id": "fhmln769oj3d1vqql6kk",
            "labels": null,
            "metadata": {
              "ssh-keys": "ubuntu:ssh-rsa AAAAB3NzaC1yc2EAAAADAQABAAACAQCfPwYwT4dDYgqsXJEplw916bTtc7yFc8OvRu5b5xtlizPhQPf53Z+GFg+1WaXtev0MmA9GXfeLfZ8fJla93m+nd1qSP9PBBuiOrUdth2Fmi4Qy0fK3vywZXbKOSxi5koQOdT2DyyfwRGHQaECyrHYNzlsKr0gwcUwlnm4wg0zUCBjzWlvU1SBEvtRyalMdgaiSBYIK37BbM93nhdt9jEEZm53mfy64tjjLRxkJYUuXKRA1tp6VjVDnj4bo6Z3ppFw7qTy/l8H+lntiHFOf5LjcYUOScsU7nZUfPTmi8PoT7vepHtfEUEHWEcCm2BMpgDP594LPSC1cvS7aHnQrn/7fiKQDOPLP5jG5SK/H9gLLYapV08lfyrliI4YnIV0Vw5JNxexU3VJY7IxBi9twr2VYT6et72r15/WJRWPJtQZztRCRGEhqKClByn55FhEsV6QuyJPWvXZY/TGfeaUgQQm20qr1rA7AdBIKNmJvBONEiT6A1hUaloSqHO1D8SXoQ58cZnZqMRJ6gYXF47mxsLpnv/jG7D/U5pqYW6Ac1yLiE0KUQBE+GzVCDA0ijQT5g2QdDGdgpiONDRj8stfajMcbjzi+aMJa+BBGP631J/BOdBi6P5nXnyiumZCw/FccynM/reWNHPDucC0eNhJZYmya/JrsPFasectPM6i5b1pW7Q== sergeishchukin@MacBook-Pro-Sergei.local\n"
            },
            "name": "srv",
            "network_acceleration_type": "standard",
            "network_interface": [
              {
                "dns_record": [],
                "index": 0,
                "ip_address": "192.168.10.23",
                "ipv4": true,
                "ipv6": false,
                "ipv6_address": "",
                "ipv6_dns_record": [],
                "mac_address": "d0:0d:15:b9:cc:9c",
                "nat": true,
                "nat_dns_record": [],
                "nat_ip_address": "158.160.38.30",
                "nat_ip_version": "IPV4",
                "security_group_ids": [],
                "subnet_id": "e9bnkubda0cpqq9076o0"
              }
            ],
            "placement_policy": [
              {
                "placement_group_id": ""
              }
            ],
            "platform_id": "standard-v1",
            "resources": [
              {
                "core_fraction": 100,
                "cores": 2,
                "gpus": 0,
                "memory": 4
              }
            ],
            "scheduling_policy": [
              {
                "preemptible": false
              }
            ],
            "secondary_disk": [],
            "service_account_id": "",
            "status": "running",
            "timeouts": null,
            "zone": "ru-central1-a"
          },
          "sensitive_attributes": [],
          "private": "eyJlMmJmYjczMC1lY2FhLTExZTYtOGY4OC0zNDM2M2JjN2M0YzAiOnsiY3JlYXRlIjozMDAwMDAwMDAwMDAsImRlbGV0ZSI6MzAwMDAwMDAwMDAwLCJ1cGRhdGUiOjMwMDAwMDAwMDAwMH0sInNjaGVtYV92ZXJzaW9uIjoiMSJ9",
          "dependencies": [
            "module.instance_3.data.yandex_compute_image.my_image",
            "yandex_vpc_network.network",
            "yandex_vpc_subnet.subnet1"
          ]
        }
      ]
    }
  ],
  "check_results": null
}
